
Microsoft Visual Studio Solution File, Format Version 12.00
# Visual Studio Version 16
VisualStudioVersion = 16.0.31729.503
MinimumVisualStudioVersion = 10.0.40219.1
Project("{8BC9CEB8-8B4A-11D0-8D11-00A0C91BC942}") = "Chapter01", "Chapter01\Chapter01.vcxproj", "{E497EA9B-55CD-4A22-A57F-02FEC611C41A}"
EndProject
Project("{8BC9CEB8-8B4A-11D0-8D11-00A0C91BC942}") = "Chapter02", "Chapter02\Chapter02.vcxproj", "{C054447A-E718-4D22-B4BE-C292D25E364E}"
EndProject
Project("{8BC9CEB8-8B4A-11D0-8D11-00A0C91BC942}") = "Chapter03", "Chapter03\Chapter03.vcxproj", "{67350F19-E7E2-4004-B6FA-F42621F79883}"
EndProject
Project("{8BC9CEB8-8B4A-11D0-8D11-00A0C91BC942}") = "Chapter04", "Chapter04\Chapter04.vcxproj", "{5662905C-2AC3-49A5-B0F6-FB9CAB22F4A5}"
EndProject
Project("{8BC9CEB8-8B4A-11D0-8D11-00A0C91BC942}") = "Chapter05", "Chapter05\Chapter05.vcxproj", "{2053C43F-6801-47F4-84D3-9F3B72D44A88}"
EndProject
Global
	GlobalSection(SolutionConfigurationPlatforms) = preSolution
		Debug|x64 = Debug|x64
		Debug|x86 = Debug|x86
		Release|x64 = Release|x64
		Release|x86 = Release|x86
	EndGlobalSection
	GlobalSection(ProjectConfigurationPlatforms) = postSolution
		{E497EA9B-55CD-4A22-A57F-02FEC611C41A}.Debug|x64.ActiveCfg = Debug|x64
		{E497EA9B-55CD-4A22-A57F-02FEC611C41A}.Debug|x64.Build.0 = Debug|x64
		{E497EA9B-55CD-4A22-A57F-02FEC611C41A}.Debug|x86.ActiveCfg = Debug|Win32
		{E497EA9B-55CD-4A22-A57F-02FEC611C41A}.Debug|x86.Build.0 = Debug|Win32
		{E497EA9B-55CD-4A22-A57F-02FEC611C41A}.Release|x64.ActiveCfg = Release|x64
		{E497EA9B-55CD-4A22-A57F-02FEC611C41A}.Release|x64.Build.0 = Release|x64
		{E497EA9B-55CD-4A22-A57F-02FEC611C41A}.Release|x86.ActiveCfg = Release|Win32
		{E497EA9B-55CD-4A22-A57F-02FEC611C41A}.Release|x86.Build.0 = Release|Win32
		{C054447A-E718-4D22-B4BE-C292D25E364E}.Debug|x64.ActiveCfg = Debug|x64
		{C054447A-E718-4D22-B4BE-C292D25E364E}.Debug|x64.Build.0 = Debug|x64
		{C054447A-E718-4D22-B4BE-C292D25E364E}.Debug|x86.ActiveCfg = Debug|Win32
		{C054447A-E718-4D22-B4BE-C292D25E364E}.Debug|x86.Build.0 = Debug|Win32
		{C054447A-E718-4D22-B4BE-C292D25E364E}.Release|x64.ActiveCfg = Release|x64
		{C054447A-E718-4D22-B4BE-C292D25E364E}.Release|x64.Build.0 = Release|x64
		{C054447A-E718-4D22-B4BE-C292D25E364E}.Release|x86.ActiveCfg = Release|Win32
		{C054447A-E718-4D22-B4BE-C292D25E364E}.Release|x86.Build.0 = Release|Win32
		{67350F19-E7E2-4004-B6FA-F42621F79883}.Debug|x64.ActiveCfg = Debug|x64
		{67350F19-E7E2-4004-B6FA-F42621F79883}.Debug|x64.Build.0 = Debug|x64
		{67350F19-E7E2-4004-B6FA-F42621F79883}.Debug|x86.ActiveCfg = Debug|Win32
		{67350F19-E7E2-4004-B6FA-F42621F79883}.Debug|x86.Build.0 = Debug|Win32
		{67350F19-E7E2-4004-B6FA-F42621F79883}.Release|x64.ActiveCfg = Release|x64
		{67350F19-E7E2-4004-B6FA-F42621F79883}.Release|x64.Build.0 = Release|x64
		{67350F19-E7E2-4004-B6FA-F42621F79883}.Release|x86.ActiveCfg = Release|Win32
		{67350F19-E7E2-4004-B6FA-F42621F79883}.Release|x86.Build.0 = Release|Win32
		{5662905C-2AC3-49A5-B0F6-FB9CAB22F4A5}.Debug|x64.ActiveCfg = Debug|x64
		{5662905C-2AC3-49A5-B0F6-FB9CAB22F4A5}.Debug|x64.Build.0 = Debug|x64
		{5662905C-2AC3-49A5-B0F6-FB9CAB22F4A5}.Debug|x86.ActiveCfg = Debug|Win32
		{5662905C-2AC3-49A5-B0F6-FB9CAB22F4A5}.Debug|x86.Build.0 = Debug|Win32
		{5662905C-2AC3-49A5-B0F6-FB9CAB22F4A5}.Release|x64.ActiveCfg = Release|x64
		{5662905C-2AC3-49A5-B0F6-FB9CAB22F4A5}.Release|x64.Build.0 = Release|x64
		{5662905C-2AC3-49A5-B0F6-FB9CAB22F4A5}.Release|x86.ActiveCfg = Release|Win32
		{5662905C-2AC3-49A5-B0F6-FB9CAB22F4A5}.Release|x86.Build.0 = Release|Win32
		{2053C43F-6801-47F4-84D3-9F3B72D44A88}.Debug|x64.ActiveCfg = Debug|x64
		{2053C43F-6801-47F4-84D3-9F3B72D44A88}.Debug|x64.Build.0 = Debug|x64
		{2053C43F-6801-47F4-84D3-9F3B72D44A88}.Debug|x86.ActiveCfg = Debug|Win32
		{2053C43F-6801-47F4-84D3-9F3B72D44A88}.Debug|x86.Build.0 = Debug|Win32
		{2053C43F-6801-47F4-84D3-9F3B72D44A88}.Release|x64.ActiveCfg = Release|x64
		{2053C43F-6801-47F4-84D3-9F3B72D44A88}.Release|x64.Build.0 = Release|x64
		{2053C43F-6801-47F4-84D3-9F3B72D44A88}.Release|x86.ActiveCfg = Release|Win32
		{2053C43F-6801-47F4-84D3-9F3B72D44A88}.Release|x86.Build.0 = Release|Win32
	EndGlobalSection
	GlobalSection(SolutionProperties) = preSolution
		HideSolutionNode = FALSE
	EndGlobalSection
	GlobalSection(ExtensibilityGlobals) = postSolution
		SolutionGuid = {286B7363-A28A-4290-91CD-0405794B9F59}
	EndGlobalSection
EndGlobal
