
Microsoft Visual Studio Solution File, Format Version 12.00
# Visual Studio Version 16
VisualStudioVersion = 16.0.31729.503
MinimumVisualStudioVersion = 10.0.40219.1
Project("{8BC9CEB8-8B4A-11D0-8D11-00A0C91BC942}") = "Chapter01", "Chapter01\Chapter01.vcxproj", "{E497EA9B-55CD-4A22-A57F-02FEC611C41A}"
EndProject
Project("{8BC9CEB8-8B4A-11D0-8D11-00A0C91BC942}") = "Chapter02", "Chapter02\Chapter02.vcxproj", "{C054447A-E718-4D22-B4BE-C292D25E364E}"
EndProject
Project("{8BC9CEB8-8B4A-11D0-8D11-00A0C91BC942}") = "Chapter03", "Chapter03\Chapter03.vcxproj", "{67350F19-E7E2-4004-B6FA-F42621F79883}"
EndProject
Project("{8BC9CEB8-8B4A-11D0-8D11-00A0C91BC942}") = "Chapter04", "Chapter04\Chapter04.vcxproj", "{5662905C-2AC3-49A5-B0F6-FB9CAB22F4A5}"
EndProject
Project("{8BC9CEB8-8B4A-11D0-8D11-00A0C91BC942}") = "Chapter05", "Chapter05\Chapter05.vcxproj", "{2053C43F-6801-47F4-84D3-9F3B72D44A88}"
EndProject
Project("{8BC9CEB8-8B4A-11D0-8D11-00A0C91BC942}") = "Chapter06", "Chapter06\Chapter06.vcxproj", "{70F9A4D8-B6F0-4B32-BD5E-65DFADCCFB6C}"
EndProject
Project("{8BC9CEB8-8B4A-11D0-8D11-00A0C91BC942}") = "Chapter07", "Chapter07\Chapter07.vcxproj", "{C7F5957D-8FBF-4D4D-A6C4-F99B99F38FA2}"
EndProject
Project("{8BC9CEB8-8B4A-11D0-8D11-00A0C91BC942}") = "Chapter08", "Chapter08\Chapter08.vcxproj", "{A19E3D4A-079B-4B6A-BC9C-5EA77A96C185}"
EndProject
Project("{8BC9CEB8-8B4A-11D0-8D11-00A0C91BC942}") = "Chapter09", "Chapter09\Chapter09.vcxproj", "{0830DC9A-AD93-4672-A3CE-D5181C08D2F6}"
EndProject
Project("{8BC9CEB8-8B4A-11D0-8D11-00A0C91BC942}") = "Chapter10", "Chapter10\Chapter10.vcxproj", "{B2BFE648-B5FE-4695-8A5C-36DDD898C56C}"
EndProject
Project("{8BC9CEB8-8B4A-11D0-8D11-00A0C91BC942}") = "Chapter11", "Chapter11\Chapter11.vcxproj", "{DC386975-FA32-40EC-9F39-3FB379088D2B}"
EndProject
Project("{8BC9CEB8-8B4A-11D0-8D11-00A0C91BC942}") = "Chapter12", "Chapter12\Chapter12.vcxproj", "{8C926D92-806D-4D13-9D49-D32A6A84DAD1}"
EndProject
Project("{8BC9CEB8-8B4A-11D0-8D11-00A0C91BC942}") = "Chapter13", "Chapter13\Chapter13.vcxproj", "{B215671F-DE59-45D9-80A8-EB8877502D74}"
EndProject
Project("{8BC9CEB8-8B4A-11D0-8D11-00A0C91BC942}") = "Chapter14", "Chapter14\Chapter14.vcxproj", "{0C48706D-56DC-42FD-8909-4AB60D68A2A1}"
EndProject
Project("{8BC9CEB8-8B4A-11D0-8D11-00A0C91BC942}") = "Chapter15", "Chapter15\Chapter15.vcxproj", "{35AB0B6D-9CD8-4705-BC12-2F47DB223CBA}"
EndProject
Project("{8BC9CEB8-8B4A-11D0-8D11-00A0C91BC942}") = "Chapter16", "Chapter16\Chapter16.vcxproj", "{8387945B-455A-4484-BBF8-9FB9345169BE}"
EndProject
Project("{8BC9CEB8-8B4A-11D0-8D11-00A0C91BC942}") = "Chapter17", "Chapter17\Chapter17.vcxproj", "{D6268E2A-1ED6-4668-B3E0-6FACC8B82691}"
EndProject
Project("{8BC9CEB8-8B4A-11D0-8D11-00A0C91BC942}") = "Chapter18", "Chapter18\Chapter18.vcxproj", "{EB903950-1CF3-4CCE-8076-EBC30C6861B1}"
EndProject
Project("{8BC9CEB8-8B4A-11D0-8D11-00A0C91BC942}") = "Chapter19", "Chapter19\Chapter19.vcxproj", "{A448A087-9F95-44CF-84E9-A1333E66ADDA}"
EndProject
Project("{8BC9CEB8-8B4A-11D0-8D11-00A0C91BC942}") = "Chapter20", "Chapter20\Chapter20.vcxproj", "{477487E8-3778-49B4-9FA6-4F86D9974E92}"
EndProject
Project("{8BC9CEB8-8B4A-11D0-8D11-00A0C91BC942}") = "Chapter21", "Chapter21\Chapter21.vcxproj", "{0596586C-2092-42A6-9D40-F38D9AE10B1A}"
EndProject
Project("{8BC9CEB8-8B4A-11D0-8D11-00A0C91BC942}") = "Chapter22", "Chapter22\Chapter22.vcxproj", "{E38D5F21-4E7A-4B79-88ED-C0F8955A6DCB}"
EndProject
Global
	GlobalSection(SolutionConfigurationPlatforms) = preSolution
		Debug|x64 = Debug|x64
		Debug|x86 = Debug|x86
		Release|x64 = Release|x64
		Release|x86 = Release|x86
	EndGlobalSection
	GlobalSection(ProjectConfigurationPlatforms) = postSolution
		{E497EA9B-55CD-4A22-A57F-02FEC611C41A}.Debug|x64.ActiveCfg = Debug|x64
		{E497EA9B-55CD-4A22-A57F-02FEC611C41A}.Debug|x64.Build.0 = Debug|x64
		{E497EA9B-55CD-4A22-A57F-02FEC611C41A}.Debug|x86.ActiveCfg = Debug|Win32
		{E497EA9B-55CD-4A22-A57F-02FEC611C41A}.Debug|x86.Build.0 = Debug|Win32
		{E497EA9B-55CD-4A22-A57F-02FEC611C41A}.Release|x64.ActiveCfg = Release|x64
		{E497EA9B-55CD-4A22-A57F-02FEC611C41A}.Release|x64.Build.0 = Release|x64
		{E497EA9B-55CD-4A22-A57F-02FEC611C41A}.Release|x86.ActiveCfg = Release|Win32
		{E497EA9B-55CD-4A22-A57F-02FEC611C41A}.Release|x86.Build.0 = Release|Win32
		{C054447A-E718-4D22-B4BE-C292D25E364E}.Debug|x64.ActiveCfg = Debug|x64
		{C054447A-E718-4D22-B4BE-C292D25E364E}.Debug|x64.Build.0 = Debug|x64
		{C054447A-E718-4D22-B4BE-C292D25E364E}.Debug|x86.ActiveCfg = Debug|Win32
		{C054447A-E718-4D22-B4BE-C292D25E364E}.Debug|x86.Build.0 = Debug|Win32
		{C054447A-E718-4D22-B4BE-C292D25E364E}.Release|x64.ActiveCfg = Release|x64
		{C054447A-E718-4D22-B4BE-C292D25E364E}.Release|x64.Build.0 = Release|x64
		{C054447A-E718-4D22-B4BE-C292D25E364E}.Release|x86.ActiveCfg = Release|Win32
		{C054447A-E718-4D22-B4BE-C292D25E364E}.Release|x86.Build.0 = Release|Win32
		{67350F19-E7E2-4004-B6FA-F42621F79883}.Debug|x64.ActiveCfg = Debug|x64
		{67350F19-E7E2-4004-B6FA-F42621F79883}.Debug|x64.Build.0 = Debug|x64
		{67350F19-E7E2-4004-B6FA-F42621F79883}.Debug|x86.ActiveCfg = Debug|Win32
		{67350F19-E7E2-4004-B6FA-F42621F79883}.Debug|x86.Build.0 = Debug|Win32
		{67350F19-E7E2-4004-B6FA-F42621F79883}.Release|x64.ActiveCfg = Release|x64
		{67350F19-E7E2-4004-B6FA-F42621F79883}.Release|x64.Build.0 = Release|x64
		{67350F19-E7E2-4004-B6FA-F42621F79883}.Release|x86.ActiveCfg = Release|Win32
		{67350F19-E7E2-4004-B6FA-F42621F79883}.Release|x86.Build.0 = Release|Win32
		{5662905C-2AC3-49A5-B0F6-FB9CAB22F4A5}.Debug|x64.ActiveCfg = Debug|x64
		{5662905C-2AC3-49A5-B0F6-FB9CAB22F4A5}.Debug|x64.Build.0 = Debug|x64
		{5662905C-2AC3-49A5-B0F6-FB9CAB22F4A5}.Debug|x86.ActiveCfg = Debug|Win32
		{5662905C-2AC3-49A5-B0F6-FB9CAB22F4A5}.Debug|x86.Build.0 = Debug|Win32
		{5662905C-2AC3-49A5-B0F6-FB9CAB22F4A5}.Release|x64.ActiveCfg = Release|x64
		{5662905C-2AC3-49A5-B0F6-FB9CAB22F4A5}.Release|x64.Build.0 = Release|x64
		{5662905C-2AC3-49A5-B0F6-FB9CAB22F4A5}.Release|x86.ActiveCfg = Release|Win32
		{5662905C-2AC3-49A5-B0F6-FB9CAB22F4A5}.Release|x86.Build.0 = Release|Win32
		{2053C43F-6801-47F4-84D3-9F3B72D44A88}.Debug|x64.ActiveCfg = Debug|x64
		{2053C43F-6801-47F4-84D3-9F3B72D44A88}.Debug|x64.Build.0 = Debug|x64
		{2053C43F-6801-47F4-84D3-9F3B72D44A88}.Debug|x86.ActiveCfg = Debug|Win32
		{2053C43F-6801-47F4-84D3-9F3B72D44A88}.Debug|x86.Build.0 = Debug|Win32
		{2053C43F-6801-47F4-84D3-9F3B72D44A88}.Release|x64.ActiveCfg = Release|x64
		{2053C43F-6801-47F4-84D3-9F3B72D44A88}.Release|x64.Build.0 = Release|x64
		{2053C43F-6801-47F4-84D3-9F3B72D44A88}.Release|x86.ActiveCfg = Release|Win32
		{2053C43F-6801-47F4-84D3-9F3B72D44A88}.Release|x86.Build.0 = Release|Win32
		{70F9A4D8-B6F0-4B32-BD5E-65DFADCCFB6C}.Debug|x64.ActiveCfg = Debug|x64
		{70F9A4D8-B6F0-4B32-BD5E-65DFADCCFB6C}.Debug|x64.Build.0 = Debug|x64
		{70F9A4D8-B6F0-4B32-BD5E-65DFADCCFB6C}.Debug|x86.ActiveCfg = Debug|Win32
		{70F9A4D8-B6F0-4B32-BD5E-65DFADCCFB6C}.Debug|x86.Build.0 = Debug|Win32
		{70F9A4D8-B6F0-4B32-BD5E-65DFADCCFB6C}.Release|x64.ActiveCfg = Release|x64
		{70F9A4D8-B6F0-4B32-BD5E-65DFADCCFB6C}.Release|x64.Build.0 = Release|x64
		{70F9A4D8-B6F0-4B32-BD5E-65DFADCCFB6C}.Release|x86.ActiveCfg = Release|Win32
		{70F9A4D8-B6F0-4B32-BD5E-65DFADCCFB6C}.Release|x86.Build.0 = Release|Win32
		{C7F5957D-8FBF-4D4D-A6C4-F99B99F38FA2}.Debug|x64.ActiveCfg = Debug|x64
		{C7F5957D-8FBF-4D4D-A6C4-F99B99F38FA2}.Debug|x64.Build.0 = Debug|x64
		{C7F5957D-8FBF-4D4D-A6C4-F99B99F38FA2}.Debug|x86.ActiveCfg = Debug|Win32
		{C7F5957D-8FBF-4D4D-A6C4-F99B99F38FA2}.Debug|x86.Build.0 = Debug|Win32
		{C7F5957D-8FBF-4D4D-A6C4-F99B99F38FA2}.Release|x64.ActiveCfg = Release|x64
		{C7F5957D-8FBF-4D4D-A6C4-F99B99F38FA2}.Release|x64.Build.0 = Release|x64
		{C7F5957D-8FBF-4D4D-A6C4-F99B99F38FA2}.Release|x86.ActiveCfg = Release|Win32
		{C7F5957D-8FBF-4D4D-A6C4-F99B99F38FA2}.Release|x86.Build.0 = Release|Win32
		{A19E3D4A-079B-4B6A-BC9C-5EA77A96C185}.Debug|x64.ActiveCfg = Debug|x64
		{A19E3D4A-079B-4B6A-BC9C-5EA77A96C185}.Debug|x64.Build.0 = Debug|x64
		{A19E3D4A-079B-4B6A-BC9C-5EA77A96C185}.Debug|x86.ActiveCfg = Debug|Win32
		{A19E3D4A-079B-4B6A-BC9C-5EA77A96C185}.Debug|x86.Build.0 = Debug|Win32
		{A19E3D4A-079B-4B6A-BC9C-5EA77A96C185}.Release|x64.ActiveCfg = Release|x64
		{A19E3D4A-079B-4B6A-BC9C-5EA77A96C185}.Release|x64.Build.0 = Release|x64
		{A19E3D4A-079B-4B6A-BC9C-5EA77A96C185}.Release|x86.ActiveCfg = Release|Win32
		{A19E3D4A-079B-4B6A-BC9C-5EA77A96C185}.Release|x86.Build.0 = Release|Win32
		{0830DC9A-AD93-4672-A3CE-D5181C08D2F6}.Debug|x64.ActiveCfg = Debug|x64
		{0830DC9A-AD93-4672-A3CE-D5181C08D2F6}.Debug|x64.Build.0 = Debug|x64
		{0830DC9A-AD93-4672-A3CE-D5181C08D2F6}.Debug|x86.ActiveCfg = Debug|Win32
		{0830DC9A-AD93-4672-A3CE-D5181C08D2F6}.Debug|x86.Build.0 = Debug|Win32
		{0830DC9A-AD93-4672-A3CE-D5181C08D2F6}.Release|x64.ActiveCfg = Release|x64
		{0830DC9A-AD93-4672-A3CE-D5181C08D2F6}.Release|x64.Build.0 = Release|x64
		{0830DC9A-AD93-4672-A3CE-D5181C08D2F6}.Release|x86.ActiveCfg = Release|Win32
		{0830DC9A-AD93-4672-A3CE-D5181C08D2F6}.Release|x86.Build.0 = Release|Win32
		{B2BFE648-B5FE-4695-8A5C-36DDD898C56C}.Debug|x64.ActiveCfg = Debug|x64
		{B2BFE648-B5FE-4695-8A5C-36DDD898C56C}.Debug|x64.Build.0 = Debug|x64
		{B2BFE648-B5FE-4695-8A5C-36DDD898C56C}.Debug|x86.ActiveCfg = Debug|Win32
		{B2BFE648-B5FE-4695-8A5C-36DDD898C56C}.Debug|x86.Build.0 = Debug|Win32
		{B2BFE648-B5FE-4695-8A5C-36DDD898C56C}.Release|x64.ActiveCfg = Release|x64
		{B2BFE648-B5FE-4695-8A5C-36DDD898C56C}.Release|x64.Build.0 = Release|x64
		{B2BFE648-B5FE-4695-8A5C-36DDD898C56C}.Release|x86.ActiveCfg = Release|Win32
		{B2BFE648-B5FE-4695-8A5C-36DDD898C56C}.Release|x86.Build.0 = Release|Win32
		{DC386975-FA32-40EC-9F39-3FB379088D2B}.Debug|x64.ActiveCfg = Debug|x64
		{DC386975-FA32-40EC-9F39-3FB379088D2B}.Debug|x64.Build.0 = Debug|x64
		{DC386975-FA32-40EC-9F39-3FB379088D2B}.Debug|x86.ActiveCfg = Debug|Win32
		{DC386975-FA32-40EC-9F39-3FB379088D2B}.Debug|x86.Build.0 = Debug|Win32
		{DC386975-FA32-40EC-9F39-3FB379088D2B}.Release|x64.ActiveCfg = Release|x64
		{DC386975-FA32-40EC-9F39-3FB379088D2B}.Release|x64.Build.0 = Release|x64
		{DC386975-FA32-40EC-9F39-3FB379088D2B}.Release|x86.ActiveCfg = Release|Win32
		{DC386975-FA32-40EC-9F39-3FB379088D2B}.Release|x86.Build.0 = Release|Win32
		{8C926D92-806D-4D13-9D49-D32A6A84DAD1}.Debug|x64.ActiveCfg = Debug|x64
		{8C926D92-806D-4D13-9D49-D32A6A84DAD1}.Debug|x64.Build.0 = Debug|x64
		{8C926D92-806D-4D13-9D49-D32A6A84DAD1}.Debug|x86.ActiveCfg = Debug|Win32
		{8C926D92-806D-4D13-9D49-D32A6A84DAD1}.Debug|x86.Build.0 = Debug|Win32
		{8C926D92-806D-4D13-9D49-D32A6A84DAD1}.Release|x64.ActiveCfg = Release|x64
		{8C926D92-806D-4D13-9D49-D32A6A84DAD1}.Release|x64.Build.0 = Release|x64
		{8C926D92-806D-4D13-9D49-D32A6A84DAD1}.Release|x86.ActiveCfg = Release|Win32
		{8C926D92-806D-4D13-9D49-D32A6A84DAD1}.Release|x86.Build.0 = Release|Win32
		{B215671F-DE59-45D9-80A8-EB8877502D74}.Debug|x64.ActiveCfg = Debug|x64
		{B215671F-DE59-45D9-80A8-EB8877502D74}.Debug|x64.Build.0 = Debug|x64
		{B215671F-DE59-45D9-80A8-EB8877502D74}.Debug|x86.ActiveCfg = Debug|Win32
		{B215671F-DE59-45D9-80A8-EB8877502D74}.Debug|x86.Build.0 = Debug|Win32
		{B215671F-DE59-45D9-80A8-EB8877502D74}.Release|x64.ActiveCfg = Release|x64
		{B215671F-DE59-45D9-80A8-EB8877502D74}.Release|x64.Build.0 = Release|x64
		{B215671F-DE59-45D9-80A8-EB8877502D74}.Release|x86.ActiveCfg = Release|Win32
		{B215671F-DE59-45D9-80A8-EB8877502D74}.Release|x86.Build.0 = Release|Win32
		{0C48706D-56DC-42FD-8909-4AB60D68A2A1}.Debug|x64.ActiveCfg = Debug|x64
		{0C48706D-56DC-42FD-8909-4AB60D68A2A1}.Debug|x64.Build.0 = Debug|x64
		{0C48706D-56DC-42FD-8909-4AB60D68A2A1}.Debug|x86.ActiveCfg = Debug|Win32
		{0C48706D-56DC-42FD-8909-4AB60D68A2A1}.Debug|x86.Build.0 = Debug|Win32
		{0C48706D-56DC-42FD-8909-4AB60D68A2A1}.Release|x64.ActiveCfg = Release|x64
		{0C48706D-56DC-42FD-8909-4AB60D68A2A1}.Release|x64.Build.0 = Release|x64
		{0C48706D-56DC-42FD-8909-4AB60D68A2A1}.Release|x86.ActiveCfg = Release|Win32
		{0C48706D-56DC-42FD-8909-4AB60D68A2A1}.Release|x86.Build.0 = Release|Win32
		{35AB0B6D-9CD8-4705-BC12-2F47DB223CBA}.Debug|x64.ActiveCfg = Debug|x64
		{35AB0B6D-9CD8-4705-BC12-2F47DB223CBA}.Debug|x64.Build.0 = Debug|x64
		{35AB0B6D-9CD8-4705-BC12-2F47DB223CBA}.Debug|x86.ActiveCfg = Debug|Win32
		{35AB0B6D-9CD8-4705-BC12-2F47DB223CBA}.Debug|x86.Build.0 = Debug|Win32
		{35AB0B6D-9CD8-4705-BC12-2F47DB223CBA}.Release|x64.ActiveCfg = Release|x64
		{35AB0B6D-9CD8-4705-BC12-2F47DB223CBA}.Release|x64.Build.0 = Release|x64
		{35AB0B6D-9CD8-4705-BC12-2F47DB223CBA}.Release|x86.ActiveCfg = Release|Win32
		{35AB0B6D-9CD8-4705-BC12-2F47DB223CBA}.Release|x86.Build.0 = Release|Win32
		{8387945B-455A-4484-BBF8-9FB9345169BE}.Debug|x64.ActiveCfg = Debug|x64
		{8387945B-455A-4484-BBF8-9FB9345169BE}.Debug|x64.Build.0 = Debug|x64
		{8387945B-455A-4484-BBF8-9FB9345169BE}.Debug|x86.ActiveCfg = Debug|Win32
		{8387945B-455A-4484-BBF8-9FB9345169BE}.Debug|x86.Build.0 = Debug|Win32
		{8387945B-455A-4484-BBF8-9FB9345169BE}.Release|x64.ActiveCfg = Release|x64
		{8387945B-455A-4484-BBF8-9FB9345169BE}.Release|x64.Build.0 = Release|x64
		{8387945B-455A-4484-BBF8-9FB9345169BE}.Release|x86.ActiveCfg = Release|Win32
		{8387945B-455A-4484-BBF8-9FB9345169BE}.Release|x86.Build.0 = Release|Win32
		{D6268E2A-1ED6-4668-B3E0-6FACC8B82691}.Debug|x64.ActiveCfg = Debug|x64
		{D6268E2A-1ED6-4668-B3E0-6FACC8B82691}.Debug|x64.Build.0 = Debug|x64
		{D6268E2A-1ED6-4668-B3E0-6FACC8B82691}.Debug|x86.ActiveCfg = Debug|Win32
		{D6268E2A-1ED6-4668-B3E0-6FACC8B82691}.Debug|x86.Build.0 = Debug|Win32
		{D6268E2A-1ED6-4668-B3E0-6FACC8B82691}.Release|x64.ActiveCfg = Release|x64
		{D6268E2A-1ED6-4668-B3E0-6FACC8B82691}.Release|x64.Build.0 = Release|x64
		{D6268E2A-1ED6-4668-B3E0-6FACC8B82691}.Release|x86.ActiveCfg = Release|Win32
		{D6268E2A-1ED6-4668-B3E0-6FACC8B82691}.Release|x86.Build.0 = Release|Win32
		{EB903950-1CF3-4CCE-8076-EBC30C6861B1}.Debug|x64.ActiveCfg = Debug|x64
		{EB903950-1CF3-4CCE-8076-EBC30C6861B1}.Debug|x64.Build.0 = Debug|x64
		{EB903950-1CF3-4CCE-8076-EBC30C6861B1}.Debug|x86.ActiveCfg = Debug|Win32
		{EB903950-1CF3-4CCE-8076-EBC30C6861B1}.Debug|x86.Build.0 = Debug|Win32
		{EB903950-1CF3-4CCE-8076-EBC30C6861B1}.Release|x64.ActiveCfg = Release|x64
		{EB903950-1CF3-4CCE-8076-EBC30C6861B1}.Release|x64.Build.0 = Release|x64
		{EB903950-1CF3-4CCE-8076-EBC30C6861B1}.Release|x86.ActiveCfg = Release|Win32
		{EB903950-1CF3-4CCE-8076-EBC30C6861B1}.Release|x86.Build.0 = Release|Win32
		{A448A087-9F95-44CF-84E9-A1333E66ADDA}.Debug|x64.ActiveCfg = Debug|x64
		{A448A087-9F95-44CF-84E9-A1333E66ADDA}.Debug|x64.Build.0 = Debug|x64
		{A448A087-9F95-44CF-84E9-A1333E66ADDA}.Debug|x86.ActiveCfg = Debug|Win32
		{A448A087-9F95-44CF-84E9-A1333E66ADDA}.Debug|x86.Build.0 = Debug|Win32
		{A448A087-9F95-44CF-84E9-A1333E66ADDA}.Release|x64.ActiveCfg = Release|x64
		{A448A087-9F95-44CF-84E9-A1333E66ADDA}.Release|x64.Build.0 = Release|x64
		{A448A087-9F95-44CF-84E9-A1333E66ADDA}.Release|x86.ActiveCfg = Release|Win32
		{A448A087-9F95-44CF-84E9-A1333E66ADDA}.Release|x86.Build.0 = Release|Win32
		{477487E8-3778-49B4-9FA6-4F86D9974E92}.Debug|x64.ActiveCfg = Debug|x64
		{477487E8-3778-49B4-9FA6-4F86D9974E92}.Debug|x64.Build.0 = Debug|x64
		{477487E8-3778-49B4-9FA6-4F86D9974E92}.Debug|x86.ActiveCfg = Debug|Win32
		{477487E8-3778-49B4-9FA6-4F86D9974E92}.Debug|x86.Build.0 = Debug|Win32
		{477487E8-3778-49B4-9FA6-4F86D9974E92}.Release|x64.ActiveCfg = Release|x64
		{477487E8-3778-49B4-9FA6-4F86D9974E92}.Release|x64.Build.0 = Release|x64
		{477487E8-3778-49B4-9FA6-4F86D9974E92}.Release|x86.ActiveCfg = Release|Win32
		{477487E8-3778-49B4-9FA6-4F86D9974E92}.Release|x86.Build.0 = Release|Win32
		{0596586C-2092-42A6-9D40-F38D9AE10B1A}.Debug|x64.ActiveCfg = Debug|x64
		{0596586C-2092-42A6-9D40-F38D9AE10B1A}.Debug|x64.Build.0 = Debug|x64
		{0596586C-2092-42A6-9D40-F38D9AE10B1A}.Debug|x86.ActiveCfg = Debug|Win32
		{0596586C-2092-42A6-9D40-F38D9AE10B1A}.Debug|x86.Build.0 = Debug|Win32
		{0596586C-2092-42A6-9D40-F38D9AE10B1A}.Release|x64.ActiveCfg = Release|x64
		{0596586C-2092-42A6-9D40-F38D9AE10B1A}.Release|x64.Build.0 = Release|x64
		{0596586C-2092-42A6-9D40-F38D9AE10B1A}.Release|x86.ActiveCfg = Release|Win32
		{0596586C-2092-42A6-9D40-F38D9AE10B1A}.Release|x86.Build.0 = Release|Win32
		{E38D5F21-4E7A-4B79-88ED-C0F8955A6DCB}.Debug|x64.ActiveCfg = Debug|x64
		{E38D5F21-4E7A-4B79-88ED-C0F8955A6DCB}.Debug|x64.Build.0 = Debug|x64
		{E38D5F21-4E7A-4B79-88ED-C0F8955A6DCB}.Debug|x86.ActiveCfg = Debug|Win32
		{E38D5F21-4E7A-4B79-88ED-C0F8955A6DCB}.Debug|x86.Build.0 = Debug|Win32
		{E38D5F21-4E7A-4B79-88ED-C0F8955A6DCB}.Release|x64.ActiveCfg = Release|x64
		{E38D5F21-4E7A-4B79-88ED-C0F8955A6DCB}.Release|x64.Build.0 = Release|x64
		{E38D5F21-4E7A-4B79-88ED-C0F8955A6DCB}.Release|x86.ActiveCfg = Release|Win32
		{E38D5F21-4E7A-4B79-88ED-C0F8955A6DCB}.Release|x86.Build.0 = Release|Win32
	EndGlobalSection
	GlobalSection(SolutionProperties) = preSolution
		HideSolutionNode = FALSE
	EndGlobalSection
	GlobalSection(ExtensibilityGlobals) = postSolution
		SolutionGuid = {286B7363-A28A-4290-91CD-0405794B9F59}
	EndGlobalSection
EndGlobal
